# This file is generated by running "yarn install" inside your project.
# Manual changes might be lost - proceed with caution!

__metadata:
  version: 4

"@solid-soda/evolutions@workspace:.":
  version: 0.0.0-use.local
  resolution: "@solid-soda/evolutions@workspace:."
  dependencies:
    command-line-args: ^5.0.2
    md5: ^2.2.1
  bin:
    evolutions: ./bin/index.js
  languageName: unknown
  linkType: soft

"array-back@npm:^3.0.1":
  version: 3.0.1
  resolution: "array-back@npm:3.0.1"
  checksum: 2/5ad73d65994263b5f83314545a0c25189963b143ff4c27992b01d91f8b34d34460c3322079ccb4d1c1cc2a87ffee1cc710fe03e3c39443c350304d3b37fd3a1c
  languageName: node
  linkType: hard

"charenc@npm:~0.0.1":
  version: 0.0.2
  resolution: "charenc@npm:0.0.2"
  checksum: 2/ff8199e90334dc7bb60a9fe0aa2bef3e72b1d125e801151459db1cf1c9b77c437ad4a5d9248ee0003720bcb537a90787a53f6e2e1613dbf5fba46f59d5547307
  languageName: node
  linkType: hard

"command-line-args@npm:^5.0.2":
  version: 5.1.1
  resolution: "command-line-args@npm:5.1.1"
  dependencies:
    array-back: ^3.0.1
    find-replace: ^3.0.0
    lodash.camelcase: ^4.3.0
    typical: ^4.0.0
  checksum: 2/808432f60b8e52499aab1f01fb0fc13a41058273e20d1b532c5e3ac01dd970f9525788d34ac2948cb22e8430fab300020a0231200fe2cc407ee5dcab8bcf397e
  languageName: node
  linkType: hard

"crypt@npm:~0.0.1":
  version: 0.0.2
  resolution: "crypt@npm:0.0.2"
  checksum: 2/1ad9c8439ad26eef21ca130df3e79fff4915e839167efde163891b935ffb41742bfbc359bb00ae8b1ff205db52e7fb0e32326b84b7f977cd6e6a279eed9dc742
  languageName: node
  linkType: hard

"find-replace@npm:^3.0.0":
  version: 3.0.0
  resolution: "find-replace@npm:3.0.0"
  dependencies:
    array-back: ^3.0.1
  checksum: 2/9aec6a6dfe746e7dddb12bf38bd395f30b40d2f3f3518ed10b63286daf9ad9f29ee6b4a74e7e4fda4a3bbd63fca9d96c32fdcb7dfe117010d601d2bf74bbf34d
  languageName: node
  linkType: hard

"is-buffer@npm:~1.1.1":
  version: 1.1.6
  resolution: "is-buffer@npm:1.1.6"
  checksum: 2/336ec78f00e88efe6ff6f1aa08d06aadb942a6cd320e5f538ac00648378fb964743b3737c88ce7ce8741c067e4a3b78f596b83ee1a3c72dc2885ea0b03dc84f2
  languageName: node
  linkType: hard

"lodash.camelcase@npm:^4.3.0":
  version: 4.3.0
  resolution: "lodash.camelcase@npm:4.3.0"
  checksum: 2/3cb674ed3b37bb698f2ec5a1c3f607d157279f3015877132e8be5c22cf8048988cb9bf1e61c90dbefea3895a459c095773cc266a5b1a9f4202bcd062b3983e37
  languageName: node
  linkType: hard

"md5@npm:^2.2.1":
  version: 2.2.1
  resolution: "md5@npm:2.2.1"
  dependencies:
    charenc: ~0.0.1
    crypt: ~0.0.1
    is-buffer: ~1.1.1
  checksum: 2/a403652609f29e34c93248c9fb509780580d40f615b1a3eb7e0d886b78e67ba87eb47e518c98a6b0e22de73b8735bc525ea55729106b67322bc2d781849dbc4d
  languageName: node
  linkType: hard

"typical@npm:^4.0.0":
  version: 4.0.0
  resolution: "typical@npm:4.0.0"
  checksum: 2/6b166af2fe0a11d84e114e6fb227f5f1b91e291506b86502af54e267d2ae74e5dc61c78c487af04d332affcc0626e52a6bf544fd7e45feceeaaf114b73617258
  languageName: node
  linkType: hard
